{
  "requires": true,
  "lockfileVersion": 1,
  "dependencies": {
    "ejs": {
      "version": "1.0.0",
      "resolved": "https://registry.npmjs.org/ejs/-/ejs-1.0.0.tgz",
      "integrity": "sha1-ycYKSKRu5FL7MqccMXuV5aofyz0="
    },
    "hexo-generator-search": {
      "version": "2.1.1",
      "resolved": "https://registry.npmjs.org/hexo-generator-search/-/hexo-generator-search-2.1.1.tgz",
      "integrity": "sha1-vOVlG5wNwdOw3W1A4CX7pBLniNk=",
      "requires": {
        "ejs": "1.0.0",
        "utils-merge": "1.0.1"
      }
    },
    "utils-merge": {
      "version": "1.0.1",
      "resolved": "https://registry.npmjs.org/utils-merge/-/utils-merge-1.0.1.tgz",
      "integrity": "sha1-n5VxD1CiZ5R7LMwSR0HBAoQn5xM="
    }
  }
}
